
Microsoft Visual Studio Solution File, Format Version 12.00
# Visual Studio Version 16
VisualStudioVersion = 16.0.31112.23
MinimumVisualStudioVersion = 10.0.40219.1
Project("{FAE04EC0-301F-11D3-BF4B-00C04F79EFBC}") = "portfolio_Authentication", "jwt_Demo\portfolio_Authentication.csproj", "{2FE193B2-63E8-46E7-831D-CBD1E368AEE1}"
EndProject
Global
	GlobalSection(SolutionConfigurationPlatforms) = preSolution
		Debug|Any CPU = Debug|Any CPU
		Release|Any CPU = Release|Any CPU
	EndGlobalSection
	GlobalSection(ProjectConfigurationPlatforms) = postSolution
		{2FE193B2-63E8-46E7-831D-CBD1E368AEE1}.Debug|Any CPU.ActiveCfg = Debug|Any CPU
		{2FE193B2-63E8-46E7-831D-CBD1E368AEE1}.Debug|Any CPU.Build.0 = Debug|Any CPU
		{2FE193B2-63E8-46E7-831D-CBD1E368AEE1}.Release|Any CPU.ActiveCfg = Release|Any CPU
		{2FE193B2-63E8-46E7-831D-CBD1E368AEE1}.Release|Any CPU.Build.0 = Release|Any CPU
	EndGlobalSection
	GlobalSection(SolutionProperties) = preSolution
		HideSolutionNode = FALSE
	EndGlobalSection
	GlobalSection(ExtensibilityGlobals) = postSolution
		SolutionGuid = {1CCBCB6E-12F2-4FCE-9981-15860FF30EEF}
	EndGlobalSection
EndGlobal
